// !$*UTF8*$!
{
	archiveVersion = 1;
	classes = {
	};
	objectVersion = 46;
	objects = {

/* Begin PBXBuildFile section */
		EF201C1019C1240800A5179E /* AppDelegate.swift in Sources */ = {isa = PBXBuildFile; fileRef = EF201C0F19C1240800A5179E /* AppDelegate.swift */; };
		EF201C1219C1240800A5179E /* ViewController.swift in Sources */ = {isa = PBXBuildFile; fileRef = EF201C1119C1240800A5179E /* ViewController.swift */; };
		EF201C1519C1240800A5179E /* Main.storyboard in Resources */ = {isa = PBXBuildFile; fileRef = EF201C1319C1240800A5179E /* Main.storyboard */; };
		EF201C1719C1240800A5179E /* Images.xcassets in Resources */ = {isa = PBXBuildFile; fileRef = EF201C1619C1240800A5179E /* Images.xcassets */; };
		EF201C1A19C1240800A5179E /* LaunchScreen.xib in Resources */ = {isa = PBXBuildFile; fileRef = EF201C1819C1240800A5179E /* LaunchScreen.xib */; };
		EF201C2619C1240800A5179E /* PostcardTests.swift in Sources */ = {isa = PBXBuildFile; fileRef = EF201C2519C1240800A5179E /* PostcardTests.swift */; };
/* End PBXBuildFile section */

/* Begin PBXContainerItemProxy section */
		EF201C2019C1240800A5179E /* PBXContainerItemProxy */ = {
			isa = PBXContainerItemProxy;
			containerPortal = EF201C0219C1240800A5179E /* Project object */;
			proxyType = 1;
			remoteGlobalIDString = EF201C0919C1240800A5179E;
			remoteInfo = Postcard;
		};
/* End PBXContainerItemProxy section */

/* Begin PBXFileReference section */
		EF201C0A19C1240800A5179E /* Postcard.app */ = {isa = PBXFileReference; explicitFileType = wrapper.application; includeInIndex = 0; path = Postcard.app; sourceTree = BUILT_PRODUCTS_DIR; };
		EF201C0E19C1240800A5179E /* Info.plist */ = {isa = PBXFileReference; lastKnownFileType = text.plist.xml; path = Info.plist; sourceTree = "<group>"; };
		EF201C0F19C1240800A5179E /* AppDelegate.swift */ = {isa = PBXFileReference; lastKnownFileType = sourcecode.swift; path = AppDelegate.swift; sourceTree = "<group>"; };
		EF201C1119C1240800A5179E /* ViewController.swift */ = {isa = PBXFileReference; lastKnownFileType = sourcecode.swift; path = ViewController.swift; sourceTree = "<group>"; };
		EF201C1419C1240800A5179E /* Base */ = {isa = PBXFileReference; lastKnownFileType = file.storyboard; name = Base; path = Base.lproj/Main.storyboard; sourceTree = "<group>"; };
		EF201C1619C1240800A5179E /* Images.xcassets */ = {isa = PBXFileReference; lastKnownFileType = folder.assetcatalog; path = Images.xcassets; sourceTree = "<group>"; };
		EF201C1919C1240800A5179E /* Base */ = {isa = PBXFileReference; lastKnownFileType = file.xib; name = Base; path = Base.lproj/LaunchScreen.xib; sourceTree = "<group>"; };
		EF201C1F19C1240800A5179E /* PostcardTests.xctest */ = {isa = PBXFileReference; explicitFileType = wrapper.cfbundle; includeInIndex = 0; path = PostcardTests.xctest; sourceTree = BUILT_PRODUCTS_DIR; };
		EF201C2419C1240800A5179E /* Info.plist */ = {isa = PBXFileReference; lastKnownFileType = text.plist.xml; path = Info.plist; sourceTree = "<group>"; };
		EF201C2519C1240800A5179E /* PostcardTests.swift */ = {isa = PBXFileReference; lastKnownFileType = sourcecode.swift; path = PostcardTests.swift; sourceTree = "<group>"; };
/* End PBXFileReference section */

/* Begin PBXFrameworksBuildPhase section */
		EF201C0719C1240800A5179E /* Frameworks */ = {
			isa = PBXFrameworksBuildPhase;
			buildActionMask = 2147483647;
			files = (
			);
			runOnlyForDeploymentPostprocessing = 0;
		};
		EF201C1C19C1240800A5179E /* Frameworks */ = {
			isa = PBXFrameworksBuildPhase;
			buildActionMask = 2147483647;
			files = (
			);
			runOnlyForDeploymentPostprocessing = 0;
		};
/* End PBXFrameworksBuildPhase section */

/* Begin PBXGroup section */
		EF201C0119C1240800A5179E = {
			isa = PBXGroup;
			children = (
				EF201C0C19C1240800A5179E /* Postcard */,
				EF201C2219C1240800A5179E /* PostcardTests */,
				EF201C0B19C1240800A5179E /* Products */,
			);
			sourceTree = "<group>";
		};
		EF201C0B19C1240800A5179E /* Products */ = {
			isa = PBXGroup;
			children = (
				EF201C0A19C1240800A5179E /* Postcard.app */,
				EF201C1F19C1240800A5179E /* PostcardTests.xctest */,
			);
			name = Products;
			sourceTree = "<group>";
		};
		EF201C0C19C1240800A5179E /* Postcard */ = {
			isa = PBXGroup;
			children = (
				EF201C0F19C1240800A5179E /* AppDelegate.swift */,
				EF201C1119C1240800A5179E /* ViewController.swift */,
				EF201C1319C1240800A5179E /* Main.storyboard */,
				EF201C1619C1240800A5179E /* Images.xcassets */,
				EF201C1819C1240800A5179E /* LaunchScreen.xib */,
				EF201C0D19C1240800A5179E /* Supporting Files */,
			);
			path = Postcard;
			sourceTree = "<group>";
		};
		EF201C0D19C1240800A5179E /* Supporting Files */ = {
			isa = PBXGroup;
			children = (
				EF201C0E19C1240800A5179E /* Info.plist */,
			);
			name = "Supporting Files";
			sourceTree = "<group>";
		};
		EF201C2219C1240800A5179E /* PostcardTests */ = {
			isa = PBXGroup;
			children = (
				EF201C2519C1240800A5179E /* PostcardTests.swift */,
				EF201C2319C1240800A5179E /* Supporting Files */,
			);
			path = PostcardTests;
			sourceTree = "<group>";
		};
		EF201C2319C1240800A5179E /* Supporting Files */ = {
			isa = PBXGroup;
			children = (
				EF201C2419C1240800A5179E /* Info.plist */,
			);
			name = "Supporting Files";
			sourceTree = "<group>";
		};
/* End PBXGroup section */

/* Begin PBXNativeTarget section */
		EF201C0919C1240800A5179E /* Postcard */ = {
			isa = PBXNativeTarget;
			buildConfigurationList = EF201C2919C1240800A5179E /* Build configuration list for PBXNativeTarget "Postcard" */;
			buildPhases = (
				EF201C0619C1240800A5179E /* Sources */,
				EF201C0719C1240800A5179E /* Frameworks */,
				EF201C0819C1240800A5179E /* Resources */,
			);
			buildRules = (
			);
			dependencies = (
			);
			name = Postcard;
			productName = Postcard;
			productReference = EF201C0A19C1240800A5179E /* Postcard.app */;
			productType = "com.apple.product-type.application";
		};
		EF201C1E19C1240800A5179E /* PostcardTests */ = {
			isa = PBXNativeTarget;
			buildConfigurationList = EF201C2C19C1240800A5179E /* Build configuration list for PBXNativeTarget "PostcardTests" */;
			buildPhases = (
				EF201C1B19C1240800A5179E /* Sources */,
				EF201C1C19C1240800A5179E /* Frameworks */,
				EF201C1D19C1240800A5179E /* Resources */,
			);
			buildRules = (
			);
			dependencies = (
				EF201C2119C1240800A5179E /* PBXTargetDependency */,
			);
			name = PostcardTests;
			productName = PostcardTests;
			productReference = EF201C1F19C1240800A5179E /* PostcardTests.xctest */;
			productType = "com.apple.product-type.bundle.unit-test";
		};
/* End PBXNativeTarget section */

/* Begin PBXProject section */
		EF201C0219C1240800A5179E /* Project object */ = {
			isa = PBXProject;
			attributes = {
				LastUpgradeCheck = 0600;
				ORGANIZATIONNAME = "Kobe Labs";
				TargetAttributes = {
					EF201C0919C1240800A5179E = {
						CreatedOnToolsVersion = 6.0;
					};
					EF201C1E19C1240800A5179E = {
						CreatedOnToolsVersion = 6.0;
						TestTargetID = EF201C0919C1240800A5179E;
					};
				};
			};
			buildConfigurationList = EF201C0519C1240800A5179E /* Build configuration list for PBXProject "Postcard" */;
			compatibilityVersion = "Xcode 3.2";
			developmentRegion = English;
			hasScannedForEncodings = 0;
			knownRegions = (
				en,
				Base,
			);
			mainGroup = EF201C0119C1240800A5179E;
			productRefGroup = EF201C0B19C1240800A5179E /* Products */;
			projectDirPath = "";
			projectRoot = "";
			targets = (
				EF201C0919C1240800A5179E /* Postcard */,
				EF201C1E19C1240800A5179E /* PostcardTests */,
			);
		};
/* End PBXProject section */

/* Begin PBXResourcesBuildPhase section */
		EF201C0819C1240800A5179E /* Resources */ = {
			isa = PBXResourcesBuildPhase;
			buildActionMask = 2147483647;
			files = (
				EF201C1519C1240800A5179E /* Main.storyboard in Resources */,
				EF201C1A19C1240800A5179E /* LaunchScreen.xib in Resources */,
				EF201C1719C1240800A5179E /* Images.xcassets in Resources */,
			);
			runOnlyForDeploymentPostprocessing = 0;
		};
		EF201C1D19C1240800A5179E /* Resources */ = {
			isa = PBXResourcesBuildPhase;
			buildActionMask = 2147483647;
			files = (
			);
			runOnlyForDeploymentPostprocessing = 0;
		};
/* End PBXResourcesBuildPhase section */

/* Begin PBXSourcesBuildPhase section */
		EF201C0619C1240800A5179E /* Sources */ = {
			isa = PBXSourcesBuildPhase;
			buildActionMask = 2147483647;
			files = (
				EF201C1219C1240800A5179E /* ViewController.swift in Sources */,
				EF201C1019C1240800A5179E /* AppDelegate.swift in Sources */,
			);
			runOnlyForDeploymentPostprocessing = 0;
		};
		EF201C1B19C1240800A5179E /* Sources */ = {
			isa = PBXSourcesBuildPhase;
			buildActionMask = 2147483647;
			files = (
				EF201C2619C1240800A5179E /* PostcardTests.swift in Sources */,
			);
			runOnlyForDeploymentPostprocessing = 0;
		};
/* End PBXSourcesBuildPhase section */

/* Begin PBXTargetDependency section */
		EF201C2119C1240800A5179E /* PBXTargetDependency */ = {
			isa = PBXTargetDependency;
			target = EF201C0919C1240800A5179E /* Postcard */;
			targetProxy = EF201C2019C1240800A5179E /* PBXContainerItemProxy */;
		};
/* End PBXTargetDependency section */

/* Begin PBXVariantGroup section */
		EF201C1319C1240800A5179E /* Main.storyboard */ = {
			isa = PBXVariantGroup;
			children = (
				EF201C1419C1240800A5179E /* Base */,
			);
			name = Main.storyboard;
			sourceTree = "<group>";
		};
		EF201C1819C1240800A5179E /* LaunchScreen.xib */ = {
			isa = PBXVariantGroup;
			children = (
				EF201C1919C1240800A5179E /* Base */,
			);
			name = LaunchScreen.xib;
			sourceTree = "<group>";
		};
/* End PBXVariantGroup section */

/* Begin XCBuildConfiguration section */
		EF201C2719C1240800A5179E /* Debug */ = {
			isa = XCBuildConfiguration;
			buildSettings = {
				ALWAYS_SEARCH_USER_PATHS = NO;
				CLANG_CXX_LANGUAGE_STANDARD = "gnu++0x";
				CLANG_CXX_LIBRARY = "libc++";
				CLANG_ENABLE_MODULES = YES;
				CLANG_ENABLE_OBJC_ARC = YES;
				CLANG_WARN_BOOL_CONVERSION = YES;
				CLANG_WARN_CONSTANT_CONVERSION = YES;
				CLANG_WARN_DIRECT_OBJC_ISA_USAGE = YES_ERROR;
				CLANG_WARN_EMPTY_BODY = YES;
				CLANG_WARN_ENUM_CONVERSION = YES;
				CLANG_WARN_INT_CONVERSION = YES;
				CLANG_WARN_OBJC_ROOT_CLASS = YES_ERROR;
				CLANG_WARN_UNREACHABLE_CODE = YES;
				CLANG_WARN__DUPLICATE_METHOD_MATCH = YES;
				"CODE_SIGN_IDENTITY[sdk=iphoneos*]" = "iPhone Developer";
				COPY_PHASE_STRIP = NO;
				ENABLE_STRICT_OBJC_MSGSEND = YES;
				GCC_C_LANGUAGE_STANDARD = gnu99;
				GCC_DYNAMIC_NO_PIC = NO;
				GCC_OPTIMIZATION_LEVEL = 0;
				GCC_PREPROCESSOR_DEFINITIONS = (
					"DEBUG=1",
					"$(inherited)",
				);
				GCC_SYMBOLS_PRIVATE_EXTERN = NO;
				GCC_WARN_64_TO_32_BIT_CONVERSION = YES;
				GCC_WARN_ABOUT_RETURN_TYPE = YES_ERROR;
				GCC_WARN_UNDECLARED_SELECTOR = YES;
				GCC_WARN_UNINITIALIZED_AUTOS = YES_AGGRESSIVE;
				GCC_WARN_UNUSED_FUNCTION = YES;
				GCC_WARN_UNUSED_VARIABLE = YES;
				IPHONEOS_DEPLOYMENT_TARGET = 8.0;
				MTL_ENABLE_DEBUG_INFO = YES;
				ONLY_ACTIVE_ARCH = YES;
				SDKROOT = iphoneos;
				SWIFT_OPTIMIZATION_LEVEL = "-Onone";
			};
			name = Debug;
		};
		EF201C2819C1240800A5179E /* Release */ = {
			isa = XCBuildConfiguration;
			buildSettings = {
				ALWAYS_SEARCH_USER_PATHS = NO;
				CLANG_CXX_LANGUAGE_STANDARD = "gnu++0x";
				CLANG_CXX_LIBRARY = "libc++";
				CLANG_ENABLE_MODULES = YES;
				CLANG_ENABLE_OBJC_ARC = YES;
				CLANG_WARN_BOOL_CONVERSION = YES;
				CLANG_WARN_CONSTANT_CONVERSION = YES;
				CLANG_WARN_DIRECT_OBJC_ISA_USAGE = YES_ERROR;
				CLANG_WARN_EMPTY_BODY = YES;
				CLANG_WARN_ENUM_CONVERSION = YES;
				CLANG_WARN_INT_CONVERSION = YES;
				CLANG_WARN_OBJC_ROOT_CLASS = YES_ERROR;
				CLANG_WARN_UNREACHABLE_CODE = YES;
				CLANG_WARN__DUPLICATE_METHOD_MATCH = YES;
				"CODE_SIGN_IDENTITY[sdk=iphoneos*]" = "iPhone Developer";
				COPY_PHASE_STRIP = YES;
				ENABLE_NS_ASSERTIONS = NO;
				ENABLE_STRICT_OBJC_MSGSEND = YES;
				GCC_C_LANGUAGE_STANDARD = gnu99;
				GCC_WARN_64_TO_32_BIT_CONVERSION = YES;
				GCC_WARN_ABOUT_RETURN_TYPE = YES_ERROR;
				GCC_WARN_UNDECLARED_SELECTOR = YES;
				GCC_WARN_UNINITIALIZED_AUTOS = YES_AGGRESSIVE;
				GCC_WARN_UNUSED_FUNCTION = YES;
				GCC_WARN_UNUSED_VARIABLE = YES;
				IPHONEOS_DEPLOYMENT_TARGET = 8.0;
				MTL_ENABLE_DEBUG_INFO = NO;
				SDKROOT = iphoneos;
				VALIDATE_PRODUCT = YES;
			};
			name = Release;
		};
		EF201C2A19C1240800A5179E /* Debug */ = {
			isa = XCBuildConfiguration;
			buildSettings = {
				ASSETCATALOG_COMPILER_APPICON_NAME = AppIcon;
				INFOPLIST_FILE = Postcard/Info.plist;
				LD_RUNPATH_SEARCH_PATHS = "$(inherited) @executable_path/Frameworks";
				PRODUCT_NAME = "$(TARGET_NAME)";
			};
			name = Debug;
		};
		EF201C2B19C1240800A5179E /* Release */ = {
			isa = XCBuildConfiguration;
			buildSettings = {
				ASSETCATALOG_COMPILER_APPICON_NAME = AppIcon;
				INFOPLIST_FILE = Postcard/Info.plist;
				LD_RUNPATH_SEARCH_PATHS = "$(inherited) @executable_path/Frameworks";
				PRODUCT_NAME = "$(TARGET_NAME)";
			};
			name = Release;
		};
		EF201C2D19C1240800A5179E /* Debug */ = {
			isa = XCBuildConfiguration;
			buildSettings = {
				BUNDLE_LOADER = "$(TEST_HOST)";
				FRAMEWORK_SEARCH_PATHS = (
					"$(SDKROOT)/Developer/Library/Frameworks",
					"$(inherited)",
				);
				GCC_PREPROCESSOR_DEFINITIONS = (
					"DEBUG=1",
					"$(inherited)",
				);
				INFOPLIST_FILE = PostcardTests/Info.plist;
				LD_RUNPATH_SEARCH_PATHS = "$(inherited) @executable_path/Frameworks @loader_path/Frameworks";
				PRODUCT_NAME = "$(TARGET_NAME)";
				TEST_HOST = "$(BUILT_PRODUCTS_DIR)/Postcard.app/Postcard";
			};
			name = Debug;
		};
		EF201C2E19C1240800A5179E /* Release */ = {
			isa = XCBuildConfiguration;
			buildSettings = {
				BUNDLE_LOADER = "$(TEST_HOST)";
				FRAMEWORK_SEARCH_PATHS = (
					"$(SDKROOT)/Developer/Library/Frameworks",
					"$(inherited)",
				);
				INFOPLIST_FILE = PostcardTests/Info.plist;
				LD_RUNPATH_SEARCH_PATHS = "$(inherited) @executable_path/Frameworks @loader_path/Frameworks";
				PRODUCT_NAME = "$(TARGET_NAME)";
				TEST_HOST = "$(BUILT_PRODUCTS_DIR)/Postcard.app/Postcard";
			};
			name = Release;
		};
/* End XCBuildConfiguration section */

/* Begin XCConfigurationList section */
		EF201C0519C1240800A5179E /* Build configuration list for PBXProject "Postcard" */ = {
			isa = XCConfigurationList;
			buildConfigurations = (
				EF201C2719C1240800A5179E /* Debug */,
				EF201C2819C1240800A5179E /* Release */,
			);
			defaultConfigurationIsVisible = 0;
			defaultConfigurationName = Release;
		};
		EF201C2919C1240800A5179E /* Build configuration list for PBXNativeTarget "Postcard" */ = {
			isa = XCConfigurationList;
			buildConfigurations = (
				EF201C2A19C1240800A5179E /* Debug */,
				EF201C2B19C1240800A5179E /* Release */,
			);
			defaultConfigurationIsVisible = 0;
		};
		EF201C2C19C1240800A5179E /* Build configuration list for PBXNativeTarget "PostcardTests" */ = {
			isa = XCConfigurationList;
			buildConfigurations = (
				EF201C2D19C1240800A5179E /* Debug */,
				EF201C2E19C1240800A5179E /* Release */,
			);
			defaultConfigurationIsVisible = 0;
		};
/* End XCConfigurationList section */
	};
	rootObject = EF201C0219C1240800A5179E /* Project object */;
}
